
Microsoft Visual Studio Solution File, Format Version 12.00
# Visual Studio Version 16
VisualStudioVersion = 16.0.29806.167
MinimumVisualStudioVersion = 10.0.40219.1
Project("{9A19103F-16F7-4668-BE54-9A1E7A4F7556}") = "ShipOps.Common", "ShipOps.Common\ShipOps.Common.csproj", "{98041144-5048-43EA-A568-46FCE121A935}"
EndProject
Project("{9A19103F-16F7-4668-BE54-9A1E7A4F7556}") = "ShipOps.Web", "ShipOps.Web\ShipOps.Web.csproj", "{FC38BC80-5627-4FDE-AD86-45203E9E3DA1}"
EndProject
Project("{FAE04EC0-301F-11D3-BF4B-00C04F79EFBC}") = "ShipOps.Prism", "ShipOps.Prism\ShipOps.Prism\ShipOps.Prism.csproj", "{CC74FC64-413A-4B97-A413-97D00139EC86}"
EndProject
Project("{FAE04EC0-301F-11D3-BF4B-00C04F79EFBC}") = "ShipOps.Prism.Android", "ShipOps.Prism\ShipOps.Prism.Android\ShipOps.Prism.Android.csproj", "{5BEB8E59-1ADD-453D-B08F-C9ECB5DC9A33}"
EndProject
Project("{FAE04EC0-301F-11D3-BF4B-00C04F79EFBC}") = "ShipOps.Prism.iOS", "ShipOps.Prism\ShipOps.Prism.iOS\ShipOps.Prism.iOS.csproj", "{1B43A83B-0315-40F4-9E07-41358D13A69D}"
EndProject
Project("{FAE04EC0-301F-11D3-BF4B-00C04F79EFBC}") = "ShipOps.Cross.Android", "ShipOps.Cross.Android\ShipOps.Cross.Android.csproj", "{E3B3A762-5A38-4923-A48E-B2BF36E98AF5}"
EndProject
Project("{FAE04EC0-301F-11D3-BF4B-00C04F79EFBC}") = "ShipOps.Cross.IOS", "ShipOps.Cross.IOS\ShipOps.Cross.IOS.csproj", "{496D6BDC-16BA-446D-9E12-C931B4B1B7E0}"
EndProject
Global
	GlobalSection(SolutionConfigurationPlatforms) = preSolution
		Ad-Hoc|Any CPU = Ad-Hoc|Any CPU
		Ad-Hoc|iPhone = Ad-Hoc|iPhone
		Ad-Hoc|iPhoneSimulator = Ad-Hoc|iPhoneSimulator
		AppStore|Any CPU = AppStore|Any CPU
		AppStore|iPhone = AppStore|iPhone
		AppStore|iPhoneSimulator = AppStore|iPhoneSimulator
		Debug|Any CPU = Debug|Any CPU
		Debug|iPhone = Debug|iPhone
		Debug|iPhoneSimulator = Debug|iPhoneSimulator
		Release|Any CPU = Release|Any CPU
		Release|iPhone = Release|iPhone
		Release|iPhoneSimulator = Release|iPhoneSimulator
	EndGlobalSection
	GlobalSection(ProjectConfigurationPlatforms) = postSolution
		{98041144-5048-43EA-A568-46FCE121A935}.Ad-Hoc|Any CPU.ActiveCfg = Release|Any CPU
		{98041144-5048-43EA-A568-46FCE121A935}.Ad-Hoc|Any CPU.Build.0 = Release|Any CPU
		{98041144-5048-43EA-A568-46FCE121A935}.Ad-Hoc|iPhone.ActiveCfg = Release|Any CPU
		{98041144-5048-43EA-A568-46FCE121A935}.Ad-Hoc|iPhone.Build.0 = Release|Any CPU
		{98041144-5048-43EA-A568-46FCE121A935}.Ad-Hoc|iPhoneSimulator.ActiveCfg = Release|Any CPU
		{98041144-5048-43EA-A568-46FCE121A935}.Ad-Hoc|iPhoneSimulator.Build.0 = Release|Any CPU
		{98041144-5048-43EA-A568-46FCE121A935}.AppStore|Any CPU.ActiveCfg = Release|Any CPU
		{98041144-5048-43EA-A568-46FCE121A935}.AppStore|Any CPU.Build.0 = Release|Any CPU
		{98041144-5048-43EA-A568-46FCE121A935}.AppStore|iPhone.ActiveCfg = Release|Any CPU
		{98041144-5048-43EA-A568-46FCE121A935}.AppStore|iPhone.Build.0 = Release|Any CPU
		{98041144-5048-43EA-A568-46FCE121A935}.AppStore|iPhoneSimulator.ActiveCfg = Release|Any CPU
		{98041144-5048-43EA-A568-46FCE121A935}.AppStore|iPhoneSimulator.Build.0 = Release|Any CPU
		{98041144-5048-43EA-A568-46FCE121A935}.Debug|Any CPU.ActiveCfg = Debug|Any CPU
		{98041144-5048-43EA-A568-46FCE121A935}.Debug|Any CPU.Build.0 = Debug|Any CPU
		{98041144-5048-43EA-A568-46FCE121A935}.Debug|iPhone.ActiveCfg = Debug|Any CPU
		{98041144-5048-43EA-A568-46FCE121A935}.Debug|iPhone.Build.0 = Debug|Any CPU
		{98041144-5048-43EA-A568-46FCE121A935}.Debug|iPhoneSimulator.ActiveCfg = Debug|Any CPU
		{98041144-5048-43EA-A568-46FCE121A935}.Debug|iPhoneSimulator.Build.0 = Debug|Any CPU
		{98041144-5048-43EA-A568-46FCE121A935}.Release|Any CPU.ActiveCfg = Release|Any CPU
		{98041144-5048-43EA-A568-46FCE121A935}.Release|Any CPU.Build.0 = Release|Any CPU
		{98041144-5048-43EA-A568-46FCE121A935}.Release|iPhone.ActiveCfg = Release|Any CPU
		{98041144-5048-43EA-A568-46FCE121A935}.Release|iPhone.Build.0 = Release|Any CPU
		{98041144-5048-43EA-A568-46FCE121A935}.Release|iPhoneSimulator.ActiveCfg = Release|Any CPU
		{98041144-5048-43EA-A568-46FCE121A935}.Release|iPhoneSimulator.Build.0 = Release|Any CPU
		{FC38BC80-5627-4FDE-AD86-45203E9E3DA1}.Ad-Hoc|Any CPU.ActiveCfg = Release|Any CPU
		{FC38BC80-5627-4FDE-AD86-45203E9E3DA1}.Ad-Hoc|Any CPU.Build.0 = Release|Any CPU
		{FC38BC80-5627-4FDE-AD86-45203E9E3DA1}.Ad-Hoc|iPhone.ActiveCfg = Release|Any CPU
		{FC38BC80-5627-4FDE-AD86-45203E9E3DA1}.Ad-Hoc|iPhone.Build.0 = Release|Any CPU
		{FC38BC80-5627-4FDE-AD86-45203E9E3DA1}.Ad-Hoc|iPhoneSimulator.ActiveCfg = Release|Any CPU
		{FC38BC80-5627-4FDE-AD86-45203E9E3DA1}.Ad-Hoc|iPhoneSimulator.Build.0 = Release|Any CPU
		{FC38BC80-5627-4FDE-AD86-45203E9E3DA1}.AppStore|Any CPU.ActiveCfg = Release|Any CPU
		{FC38BC80-5627-4FDE-AD86-45203E9E3DA1}.AppStore|Any CPU.Build.0 = Release|Any CPU
		{FC38BC80-5627-4FDE-AD86-45203E9E3DA1}.AppStore|iPhone.ActiveCfg = Release|Any CPU
		{FC38BC80-5627-4FDE-AD86-45203E9E3DA1}.AppStore|iPhone.Build.0 = Release|Any CPU
		{FC38BC80-5627-4FDE-AD86-45203E9E3DA1}.AppStore|iPhoneSimulator.ActiveCfg = Release|Any CPU
		{FC38BC80-5627-4FDE-AD86-45203E9E3DA1}.AppStore|iPhoneSimulator.Build.0 = Release|Any CPU
		{FC38BC80-5627-4FDE-AD86-45203E9E3DA1}.Debug|Any CPU.ActiveCfg = Debug|Any CPU
		{FC38BC80-5627-4FDE-AD86-45203E9E3DA1}.Debug|Any CPU.Build.0 = Debug|Any CPU
		{FC38BC80-5627-4FDE-AD86-45203E9E3DA1}.Debug|iPhone.ActiveCfg = Debug|Any CPU
		{FC38BC80-5627-4FDE-AD86-45203E9E3DA1}.Debug|iPhone.Build.0 = Debug|Any CPU
		{FC38BC80-5627-4FDE-AD86-45203E9E3DA1}.Debug|iPhoneSimulator.ActiveCfg = Debug|Any CPU
		{FC38BC80-5627-4FDE-AD86-45203E9E3DA1}.Debug|iPhoneSimulator.Build.0 = Debug|Any CPU
		{FC38BC80-5627-4FDE-AD86-45203E9E3DA1}.Release|Any CPU.ActiveCfg = Release|Any CPU
		{FC38BC80-5627-4FDE-AD86-45203E9E3DA1}.Release|Any CPU.Build.0 = Release|Any CPU
		{FC38BC80-5627-4FDE-AD86-45203E9E3DA1}.Release|iPhone.ActiveCfg = Release|Any CPU
		{FC38BC80-5627-4FDE-AD86-45203E9E3DA1}.Release|iPhone.Build.0 = Release|Any CPU
		{FC38BC80-5627-4FDE-AD86-45203E9E3DA1}.Release|iPhoneSimulator.ActiveCfg = Release|Any CPU
		{FC38BC80-5627-4FDE-AD86-45203E9E3DA1}.Release|iPhoneSimulator.Build.0 = Release|Any CPU
		{CC74FC64-413A-4B97-A413-97D00139EC86}.Ad-Hoc|Any CPU.ActiveCfg = Debug|Any CPU
		{CC74FC64-413A-4B97-A413-97D00139EC86}.Ad-Hoc|Any CPU.Build.0 = Debug|Any CPU
		{CC74FC64-413A-4B97-A413-97D00139EC86}.Ad-Hoc|iPhone.ActiveCfg = Debug|Any CPU
		{CC74FC64-413A-4B97-A413-97D00139EC86}.Ad-Hoc|iPhone.Build.0 = Debug|Any CPU
		{CC74FC64-413A-4B97-A413-97D00139EC86}.Ad-Hoc|iPhoneSimulator.ActiveCfg = Debug|Any CPU
		{CC74FC64-413A-4B97-A413-97D00139EC86}.Ad-Hoc|iPhoneSimulator.Build.0 = Debug|Any CPU
		{CC74FC64-413A-4B97-A413-97D00139EC86}.AppStore|Any CPU.ActiveCfg = Debug|Any CPU
		{CC74FC64-413A-4B97-A413-97D00139EC86}.AppStore|Any CPU.Build.0 = Debug|Any CPU
		{CC74FC64-413A-4B97-A413-97D00139EC86}.AppStore|iPhone.ActiveCfg = Debug|Any CPU
		{CC74FC64-413A-4B97-A413-97D00139EC86}.AppStore|iPhone.Build.0 = Debug|Any CPU
		{CC74FC64-413A-4B97-A413-97D00139EC86}.AppStore|iPhoneSimulator.ActiveCfg = Debug|Any CPU
		{CC74FC64-413A-4B97-A413-97D00139EC86}.AppStore|iPhoneSimulator.Build.0 = Debug|Any CPU
		{CC74FC64-413A-4B97-A413-97D00139EC86}.Debug|Any CPU.ActiveCfg = Debug|Any CPU
		{CC74FC64-413A-4B97-A413-97D00139EC86}.Debug|Any CPU.Build.0 = Debug|Any CPU
		{CC74FC64-413A-4B97-A413-97D00139EC86}.Debug|iPhone.ActiveCfg = Debug|Any CPU
		{CC74FC64-413A-4B97-A413-97D00139EC86}.Debug|iPhone.Build.0 = Debug|Any CPU
		{CC74FC64-413A-4B97-A413-97D00139EC86}.Debug|iPhoneSimulator.ActiveCfg = Debug|Any CPU
		{CC74FC64-413A-4B97-A413-97D00139EC86}.Debug|iPhoneSimulator.Build.0 = Debug|Any CPU
		{CC74FC64-413A-4B97-A413-97D00139EC86}.Release|Any CPU.ActiveCfg = Release|Any CPU
		{CC74FC64-413A-4B97-A413-97D00139EC86}.Release|Any CPU.Build.0 = Release|Any CPU
		{CC74FC64-413A-4B97-A413-97D00139EC86}.Release|iPhone.ActiveCfg = Release|Any CPU
		{CC74FC64-413A-4B97-A413-97D00139EC86}.Release|iPhone.Build.0 = Release|Any CPU
		{CC74FC64-413A-4B97-A413-97D00139EC86}.Release|iPhoneSimulator.ActiveCfg = Release|Any CPU
		{CC74FC64-413A-4B97-A413-97D00139EC86}.Release|iPhoneSimulator.Build.0 = Release|Any CPU
		{5BEB8E59-1ADD-453D-B08F-C9ECB5DC9A33}.Ad-Hoc|Any CPU.ActiveCfg = Release|Any CPU
		{5BEB8E59-1ADD-453D-B08F-C9ECB5DC9A33}.Ad-Hoc|Any CPU.Build.0 = Release|Any CPU
		{5BEB8E59-1ADD-453D-B08F-C9ECB5DC9A33}.Ad-Hoc|Any CPU.Deploy.0 = Release|Any CPU
		{5BEB8E59-1ADD-453D-B08F-C9ECB5DC9A33}.Ad-Hoc|iPhone.ActiveCfg = Release|Any CPU
		{5BEB8E59-1ADD-453D-B08F-C9ECB5DC9A33}.Ad-Hoc|iPhone.Build.0 = Release|Any CPU
		{5BEB8E59-1ADD-453D-B08F-C9ECB5DC9A33}.Ad-Hoc|iPhone.Deploy.0 = Release|Any CPU
		{5BEB8E59-1ADD-453D-B08F-C9ECB5DC9A33}.Ad-Hoc|iPhoneSimulator.ActiveCfg = Release|Any CPU
		{5BEB8E59-1ADD-453D-B08F-C9ECB5DC9A33}.Ad-Hoc|iPhoneSimulator.Build.0 = Release|Any CPU
		{5BEB8E59-1ADD-453D-B08F-C9ECB5DC9A33}.Ad-Hoc|iPhoneSimulator.Deploy.0 = Release|Any CPU
		{5BEB8E59-1ADD-453D-B08F-C9ECB5DC9A33}.AppStore|Any CPU.ActiveCfg = Release|Any CPU
		{5BEB8E59-1ADD-453D-B08F-C9ECB5DC9A33}.AppStore|Any CPU.Build.0 = Release|Any CPU
		{5BEB8E59-1ADD-453D-B08F-C9ECB5DC9A33}.AppStore|Any CPU.Deploy.0 = Release|Any CPU
		{5BEB8E59-1ADD-453D-B08F-C9ECB5DC9A33}.AppStore|iPhone.ActiveCfg = Release|Any CPU
		{5BEB8E59-1ADD-453D-B08F-C9ECB5DC9A33}.AppStore|iPhone.Build.0 = Release|Any CPU
		{5BEB8E59-1ADD-453D-B08F-C9ECB5DC9A33}.AppStore|iPhone.Deploy.0 = Release|Any CPU
		{5BEB8E59-1ADD-453D-B08F-C9ECB5DC9A33}.AppStore|iPhoneSimulator.ActiveCfg = Release|Any CPU
		{5BEB8E59-1ADD-453D-B08F-C9ECB5DC9A33}.AppStore|iPhoneSimulator.Build.0 = Release|Any CPU
		{5BEB8E59-1ADD-453D-B08F-C9ECB5DC9A33}.AppStore|iPhoneSimulator.Deploy.0 = Release|Any CPU
		{5BEB8E59-1ADD-453D-B08F-C9ECB5DC9A33}.Debug|Any CPU.ActiveCfg = Debug|Any CPU
		{5BEB8E59-1ADD-453D-B08F-C9ECB5DC9A33}.Debug|Any CPU.Build.0 = Debug|Any CPU
		{5BEB8E59-1ADD-453D-B08F-C9ECB5DC9A33}.Debug|Any CPU.Deploy.0 = Debug|Any CPU
		{5BEB8E59-1ADD-453D-B08F-C9ECB5DC9A33}.Debug|iPhone.ActiveCfg = Debug|Any CPU
		{5BEB8E59-1ADD-453D-B08F-C9ECB5DC9A33}.Debug|iPhone.Build.0 = Debug|Any CPU
		{5BEB8E59-1ADD-453D-B08F-C9ECB5DC9A33}.Debug|iPhone.Deploy.0 = Debug|Any CPU
		{5BEB8E59-1ADD-453D-B08F-C9ECB5DC9A33}.Debug|iPhoneSimulator.ActiveCfg = Debug|Any CPU
		{5BEB8E59-1ADD-453D-B08F-C9ECB5DC9A33}.Debug|iPhoneSimulator.Build.0 = Debug|Any CPU
		{5BEB8E59-1ADD-453D-B08F-C9ECB5DC9A33}.Debug|iPhoneSimulator.Deploy.0 = Debug|Any CPU
		{5BEB8E59-1ADD-453D-B08F-C9ECB5DC9A33}.Release|Any CPU.ActiveCfg = Release|Any CPU
		{5BEB8E59-1ADD-453D-B08F-C9ECB5DC9A33}.Release|Any CPU.Build.0 = Release|Any CPU
		{5BEB8E59-1ADD-453D-B08F-C9ECB5DC9A33}.Release|Any CPU.Deploy.0 = Release|Any CPU
		{5BEB8E59-1ADD-453D-B08F-C9ECB5DC9A33}.Release|iPhone.ActiveCfg = Release|Any CPU
		{5BEB8E59-1ADD-453D-B08F-C9ECB5DC9A33}.Release|iPhone.Build.0 = Release|Any CPU
		{5BEB8E59-1ADD-453D-B08F-C9ECB5DC9A33}.Release|iPhone.Deploy.0 = Release|Any CPU
		{5BEB8E59-1ADD-453D-B08F-C9ECB5DC9A33}.Release|iPhoneSimulator.ActiveCfg = Release|Any CPU
		{5BEB8E59-1ADD-453D-B08F-C9ECB5DC9A33}.Release|iPhoneSimulator.Build.0 = Release|Any CPU
		{5BEB8E59-1ADD-453D-B08F-C9ECB5DC9A33}.Release|iPhoneSimulator.Deploy.0 = Release|Any CPU
		{1B43A83B-0315-40F4-9E07-41358D13A69D}.Ad-Hoc|Any CPU.ActiveCfg = Ad-Hoc|iPhone
		{1B43A83B-0315-40F4-9E07-41358D13A69D}.Ad-Hoc|iPhone.ActiveCfg = Ad-Hoc|iPhone
		{1B43A83B-0315-40F4-9E07-41358D13A69D}.Ad-Hoc|iPhone.Build.0 = Ad-Hoc|iPhone
		{1B43A83B-0315-40F4-9E07-41358D13A69D}.Ad-Hoc|iPhoneSimulator.ActiveCfg = Ad-Hoc|iPhoneSimulator
		{1B43A83B-0315-40F4-9E07-41358D13A69D}.Ad-Hoc|iPhoneSimulator.Build.0 = Ad-Hoc|iPhoneSimulator
		{1B43A83B-0315-40F4-9E07-41358D13A69D}.AppStore|Any CPU.ActiveCfg = AppStore|iPhone
		{1B43A83B-0315-40F4-9E07-41358D13A69D}.AppStore|iPhone.ActiveCfg = AppStore|iPhone
		{1B43A83B-0315-40F4-9E07-41358D13A69D}.AppStore|iPhone.Build.0 = AppStore|iPhone
		{1B43A83B-0315-40F4-9E07-41358D13A69D}.AppStore|iPhoneSimulator.ActiveCfg = AppStore|iPhoneSimulator
		{1B43A83B-0315-40F4-9E07-41358D13A69D}.AppStore|iPhoneSimulator.Build.0 = AppStore|iPhoneSimulator
		{1B43A83B-0315-40F4-9E07-41358D13A69D}.Debug|Any CPU.ActiveCfg = Debug|iPhone
		{1B43A83B-0315-40F4-9E07-41358D13A69D}.Debug|iPhone.ActiveCfg = Debug|iPhone
		{1B43A83B-0315-40F4-9E07-41358D13A69D}.Debug|iPhone.Build.0 = Debug|iPhone
		{1B43A83B-0315-40F4-9E07-41358D13A69D}.Debug|iPhoneSimulator.ActiveCfg = Debug|iPhoneSimulator
		{1B43A83B-0315-40F4-9E07-41358D13A69D}.Debug|iPhoneSimulator.Build.0 = Debug|iPhoneSimulator
		{1B43A83B-0315-40F4-9E07-41358D13A69D}.Release|Any CPU.ActiveCfg = Release|iPhone
		{1B43A83B-0315-40F4-9E07-41358D13A69D}.Release|iPhone.ActiveCfg = Release|iPhone
		{1B43A83B-0315-40F4-9E07-41358D13A69D}.Release|iPhone.Build.0 = Release|iPhone
		{1B43A83B-0315-40F4-9E07-41358D13A69D}.Release|iPhoneSimulator.ActiveCfg = Release|iPhoneSimulator
		{1B43A83B-0315-40F4-9E07-41358D13A69D}.Release|iPhoneSimulator.Build.0 = Release|iPhoneSimulator
		{E3B3A762-5A38-4923-A48E-B2BF36E98AF5}.Ad-Hoc|Any CPU.ActiveCfg = Release|Any CPU
		{E3B3A762-5A38-4923-A48E-B2BF36E98AF5}.Ad-Hoc|Any CPU.Build.0 = Release|Any CPU
		{E3B3A762-5A38-4923-A48E-B2BF36E98AF5}.Ad-Hoc|Any CPU.Deploy.0 = Release|Any CPU
		{E3B3A762-5A38-4923-A48E-B2BF36E98AF5}.Ad-Hoc|iPhone.ActiveCfg = Release|Any CPU
		{E3B3A762-5A38-4923-A48E-B2BF36E98AF5}.Ad-Hoc|iPhone.Build.0 = Release|Any CPU
		{E3B3A762-5A38-4923-A48E-B2BF36E98AF5}.Ad-Hoc|iPhone.Deploy.0 = Release|Any CPU
		{E3B3A762-5A38-4923-A48E-B2BF36E98AF5}.Ad-Hoc|iPhoneSimulator.ActiveCfg = Release|Any CPU
		{E3B3A762-5A38-4923-A48E-B2BF36E98AF5}.Ad-Hoc|iPhoneSimulator.Build.0 = Release|Any CPU
		{E3B3A762-5A38-4923-A48E-B2BF36E98AF5}.Ad-Hoc|iPhoneSimulator.Deploy.0 = Release|Any CPU
		{E3B3A762-5A38-4923-A48E-B2BF36E98AF5}.AppStore|Any CPU.ActiveCfg = Release|Any CPU
		{E3B3A762-5A38-4923-A48E-B2BF36E98AF5}.AppStore|Any CPU.Build.0 = Release|Any CPU
		{E3B3A762-5A38-4923-A48E-B2BF36E98AF5}.AppStore|Any CPU.Deploy.0 = Release|Any CPU
		{E3B3A762-5A38-4923-A48E-B2BF36E98AF5}.AppStore|iPhone.ActiveCfg = Release|Any CPU
		{E3B3A762-5A38-4923-A48E-B2BF36E98AF5}.AppStore|iPhone.Build.0 = Release|Any CPU
		{E3B3A762-5A38-4923-A48E-B2BF36E98AF5}.AppStore|iPhone.Deploy.0 = Release|Any CPU
		{E3B3A762-5A38-4923-A48E-B2BF36E98AF5}.AppStore|iPhoneSimulator.ActiveCfg = Release|Any CPU
		{E3B3A762-5A38-4923-A48E-B2BF36E98AF5}.AppStore|iPhoneSimulator.Build.0 = Release|Any CPU
		{E3B3A762-5A38-4923-A48E-B2BF36E98AF5}.AppStore|iPhoneSimulator.Deploy.0 = Release|Any CPU
		{E3B3A762-5A38-4923-A48E-B2BF36E98AF5}.Debug|Any CPU.ActiveCfg = Debug|Any CPU
		{E3B3A762-5A38-4923-A48E-B2BF36E98AF5}.Debug|Any CPU.Build.0 = Debug|Any CPU
		{E3B3A762-5A38-4923-A48E-B2BF36E98AF5}.Debug|Any CPU.Deploy.0 = Debug|Any CPU
		{E3B3A762-5A38-4923-A48E-B2BF36E98AF5}.Debug|iPhone.ActiveCfg = Debug|Any CPU
		{E3B3A762-5A38-4923-A48E-B2BF36E98AF5}.Debug|iPhone.Build.0 = Debug|Any CPU
		{E3B3A762-5A38-4923-A48E-B2BF36E98AF5}.Debug|iPhone.Deploy.0 = Debug|Any CPU
		{E3B3A762-5A38-4923-A48E-B2BF36E98AF5}.Debug|iPhoneSimulator.ActiveCfg = Debug|Any CPU
		{E3B3A762-5A38-4923-A48E-B2BF36E98AF5}.Debug|iPhoneSimulator.Build.0 = Debug|Any CPU
		{E3B3A762-5A38-4923-A48E-B2BF36E98AF5}.Debug|iPhoneSimulator.Deploy.0 = Debug|Any CPU
		{E3B3A762-5A38-4923-A48E-B2BF36E98AF5}.Release|Any CPU.ActiveCfg = Release|Any CPU
		{E3B3A762-5A38-4923-A48E-B2BF36E98AF5}.Release|Any CPU.Build.0 = Release|Any CPU
		{E3B3A762-5A38-4923-A48E-B2BF36E98AF5}.Release|Any CPU.Deploy.0 = Release|Any CPU
		{E3B3A762-5A38-4923-A48E-B2BF36E98AF5}.Release|iPhone.ActiveCfg = Release|Any CPU
		{E3B3A762-5A38-4923-A48E-B2BF36E98AF5}.Release|iPhone.Build.0 = Release|Any CPU
		{E3B3A762-5A38-4923-A48E-B2BF36E98AF5}.Release|iPhone.Deploy.0 = Release|Any CPU
		{E3B3A762-5A38-4923-A48E-B2BF36E98AF5}.Release|iPhoneSimulator.ActiveCfg = Release|Any CPU
		{E3B3A762-5A38-4923-A48E-B2BF36E98AF5}.Release|iPhoneSimulator.Build.0 = Release|Any CPU
		{E3B3A762-5A38-4923-A48E-B2BF36E98AF5}.Release|iPhoneSimulator.Deploy.0 = Release|Any CPU
		{496D6BDC-16BA-446D-9E12-C931B4B1B7E0}.Ad-Hoc|Any CPU.ActiveCfg = Release|iPhone
		{496D6BDC-16BA-446D-9E12-C931B4B1B7E0}.Ad-Hoc|Any CPU.Build.0 = Release|iPhone
		{496D6BDC-16BA-446D-9E12-C931B4B1B7E0}.Ad-Hoc|iPhone.ActiveCfg = Release|iPhone
		{496D6BDC-16BA-446D-9E12-C931B4B1B7E0}.Ad-Hoc|iPhone.Build.0 = Release|iPhone
		{496D6BDC-16BA-446D-9E12-C931B4B1B7E0}.Ad-Hoc|iPhoneSimulator.ActiveCfg = Release|iPhoneSimulator
		{496D6BDC-16BA-446D-9E12-C931B4B1B7E0}.Ad-Hoc|iPhoneSimulator.Build.0 = Release|iPhoneSimulator
		{496D6BDC-16BA-446D-9E12-C931B4B1B7E0}.AppStore|Any CPU.ActiveCfg = Release|iPhone
		{496D6BDC-16BA-446D-9E12-C931B4B1B7E0}.AppStore|Any CPU.Build.0 = Release|iPhone
		{496D6BDC-16BA-446D-9E12-C931B4B1B7E0}.AppStore|iPhone.ActiveCfg = Release|iPhone
		{496D6BDC-16BA-446D-9E12-C931B4B1B7E0}.AppStore|iPhone.Build.0 = Release|iPhone
		{496D6BDC-16BA-446D-9E12-C931B4B1B7E0}.AppStore|iPhoneSimulator.ActiveCfg = Release|iPhoneSimulator
		{496D6BDC-16BA-446D-9E12-C931B4B1B7E0}.AppStore|iPhoneSimulator.Build.0 = Release|iPhoneSimulator
		{496D6BDC-16BA-446D-9E12-C931B4B1B7E0}.Debug|Any CPU.ActiveCfg = Debug|iPhone
		{496D6BDC-16BA-446D-9E12-C931B4B1B7E0}.Debug|iPhone.ActiveCfg = Debug|iPhone
		{496D6BDC-16BA-446D-9E12-C931B4B1B7E0}.Debug|iPhone.Build.0 = Debug|iPhone
		{496D6BDC-16BA-446D-9E12-C931B4B1B7E0}.Debug|iPhoneSimulator.ActiveCfg = Debug|iPhoneSimulator
		{496D6BDC-16BA-446D-9E12-C931B4B1B7E0}.Debug|iPhoneSimulator.Build.0 = Debug|iPhoneSimulator
		{496D6BDC-16BA-446D-9E12-C931B4B1B7E0}.Release|Any CPU.ActiveCfg = Release|iPhone
		{496D6BDC-16BA-446D-9E12-C931B4B1B7E0}.Release|iPhone.ActiveCfg = Release|iPhone
		{496D6BDC-16BA-446D-9E12-C931B4B1B7E0}.Release|iPhone.Build.0 = Release|iPhone
		{496D6BDC-16BA-446D-9E12-C931B4B1B7E0}.Release|iPhoneSimulator.ActiveCfg = Release|iPhoneSimulator
		{496D6BDC-16BA-446D-9E12-C931B4B1B7E0}.Release|iPhoneSimulator.Build.0 = Release|iPhoneSimulator
	EndGlobalSection
	GlobalSection(SolutionProperties) = preSolution
		HideSolutionNode = FALSE
	EndGlobalSection
	GlobalSection(ExtensibilityGlobals) = postSolution
		SolutionGuid = {F5879E7F-5E92-4940-8962-CF831A5FCE3C}
	EndGlobalSection
EndGlobal
